
Microsoft Visual Studio Solution File, Format Version 12.00
# Visual Studio Version 16
VisualStudioVersion = 16.0.32126.315
MinimumVisualStudioVersion = 10.0.40219.1
Project("{FAE04EC0-301F-11D3-BF4B-00C04F79EFBC}") = "CoureConsoleApp1", "CoureConsoleApp1\CoureConsoleApp1.csproj", "{9A97148B-329F-48FE-AD8B-0F05C0D096CD}"
EndProject
Global
	GlobalSection(SolutionConfigurationPlatforms) = preSolution
		Debug|Any CPU = Debug|Any CPU
		Release|Any CPU = Release|Any CPU
	EndGlobalSection
	GlobalSection(ProjectConfigurationPlatforms) = postSolution
		{9A97148B-329F-48FE-AD8B-0F05C0D096CD}.Debug|Any CPU.ActiveCfg = Debug|Any CPU
		{9A97148B-329F-48FE-AD8B-0F05C0D096CD}.Debug|Any CPU.Build.0 = Debug|Any CPU
		{9A97148B-329F-48FE-AD8B-0F05C0D096CD}.Release|Any CPU.ActiveCfg = Release|Any CPU
		{9A97148B-329F-48FE-AD8B-0F05C0D096CD}.Release|Any CPU.Build.0 = Release|Any CPU
	EndGlobalSection
	GlobalSection(SolutionProperties) = preSolution
		HideSolutionNode = FALSE
	EndGlobalSection
	GlobalSection(ExtensibilityGlobals) = postSolution
		SolutionGuid = {6004812A-64A5-48A4-863D-4C528873BC6E}
	EndGlobalSection
EndGlobal
